{"version":4,"terraform_version":"1.11.5","serial":5,"lineage":"e28406e4-7efe-84c8-d260-c001693036cc","outputs":{"control_plane_vmids":{"value":{"talos-control-1":1110,"talos-control-2":2110,"talos-control-3":3110},"type":["object",{"talos-control-1":"number","talos-control-2":"number","talos-control-3":"number"}]},"worker_ips":{"value":{},"type":["object",{}]},"worker_vmids":{"value":{},"type":["object",{}]}},"resources":[{"mode":"managed","type":"proxmox_vm_qemu","name":"talos_control","provider":"provider[\"registry.opentofu.org/telmate/proxmox\"]","instances":[{"index_key":"1110","status":"tainted","schema_version":0,"attributes":{"additional_wait":5,"agent":1,"agent_timeout":90,"args":null,"automatic_reboot":true,"automatic_reboot_severity":"error","balloon":0,"bios":"seabios","boot":"order=scsi0;ide2","bootdisk":null,"ci_wait":null,"cicustom":null,"cipassword":null,"ciupgrade":false,"ciuser":null,"clone":null,"clone_id":null,"clone_wait":10,"cores":null,"cpu":[{"affinity":"","cores":2,"flags":[],"limit":0,"numa":false,"sockets":1,"type":"host","units":0,"vcores":0}],"cpu_type":null,"current_node":null,"default_ipv4_address":null,"default_ipv6_address":null,"define_connection_info":true,"desc":null,"description":"Talos control plane node 1110","disk":[],"disks":[{"ide":[{"ide0":[],"ide1":[],"ide2":[{"cdrom":[{"iso":"local:iso/metal-amd64.iso","passthrough":false}],"cloudinit":[],"disk":[],"ignore":false,"passthrough":[]}],"ide3":[]}],"sata":[],"scsi":[{"scsi0":[{"cdrom":[],"cloudinit":[],"disk":[{"asyncio":"","backup":true,"cache":"","discard":false,"emulatessd":false,"format":"raw","id":0,"iops_r_burst":0,"iops_r_burst_length":0,"iops_r_concurrent":0,"iops_wr_burst":0,"iops_wr_burst_length":0,"iops_wr_concurrent":0,"iothread":false,"linked_disk_id":0,"mbps_r_burst":0,"mbps_r_concurrent":0,"mbps_wr_burst":0,"mbps_wr_concurrent":0,"readonly":false,"replicate":false,"serial":"","size":"20G","storage":"local-lvm","wwn":""}],"ignore":false,"passthrough":[]}],"scsi1":[],"scsi10":[],"scsi11":[],"scsi12":[],"scsi13":[],"scsi14":[],"scsi15":[],"scsi16":[],"scsi17":[],"scsi18":[],"scsi19":[],"scsi2":[],"scsi20":[],"scsi21":[],"scsi22":[],"scsi23":[],"scsi24":[],"scsi25":[],"scsi26":[],"scsi27":[],"scsi28":[],"scsi29":[],"scsi3":[],"scsi30":[],"scsi4":[],"scsi5":[],"scsi6":[],"scsi7":[],"scsi8":[],"scsi9":[]}],"virtio":[]}],"efidisk":[],"force_create":false,"force_recreate_on_change_of":null,"full_clone":true,"hagroup":null,"hastate":null,"hostpci":[],"hotplug":"network,disk,usb","id":"pve0-nic0/qemu/1110","ipconfig0":"ip=dhcp","ipconfig1":null,"ipconfig10":null,"ipconfig11":null,"ipconfig12":null,"ipconfig13":null,"ipconfig14":null,"ipconfig15":null,"ipconfig2":null,"ipconfig3":null,"ipconfig4":null,"ipconfig5":null,"ipconfig6":null,"ipconfig7":null,"ipconfig8":null,"ipconfig9":null,"kvm":true,"linked_vmid":null,"machine":null,"memory":4096,"name":"talos-control-1","nameserver":null,"network":[{"bridge":"vmbr0","firewall":false,"id":0,"link_down":false,"macaddr":"BC:24:13:5F:39:D1","model":"virtio","mtu":0,"queues":0,"rate":0,"tag":70}],"numa":null,"onboot":true,"os_network_config":null,"os_type":null,"pci":[],"pcis":[],"pool":null,"protection":false,"pxe":null,"qemu_os":null,"reboot_required":null,"rng":[],"scsihw":"virtio-scsi-single","searchdomain":null,"serial":[],"skip_ipv4":false,"skip_ipv6":true,"smbios":null,"sockets":null,"ssh_forward_ip":null,"ssh_host":null,"ssh_port":null,"ssh_private_key":null,"ssh_user":null,"sshkeys":null,"start_at_node_boot":null,"startup":null,"startup_shutdown":[],"tablet":true,"tags":"kubernetes,control","target_node":"pve0-nic0","target_nodes":null,"timeouts":null,"tpm_state":[],"unused_disk":null,"usb":[],"usbs":[],"vcpus":null,"vga":[],"vm_state":"running","vmid":1110},"sensitive_attributes":[[{"type":"get_attr","value":"cipassword"}],[{"type":"get_attr","value":"ssh_private_key"}]],"private":"eyJlMmJmYjczMC1lY2FhLTExZTYtOGY4OC0zNDM2M2JjN2M0YzAiOnsiY3JlYXRlIjoxMjAwMDAwMDAwMDAwLCJkZWZhdWx0IjoxMjAwMDAwMDAwMDAwLCJkZWxldGUiOjEyMDAwMDAwMDAwMDAsInJlYWQiOjEyMDAwMDAwMDAwMDAsInVwZGF0ZSI6MTIwMDAwMDAwMDAwMH19"},{"index_key":"2110","schema_version":0,"attributes":{"additional_wait":5,"agent":1,"agent_timeout":90,"args":"","automatic_reboot":true,"automatic_reboot_severity":"error","balloon":0,"bios":"seabios","boot":"order=scsi0;ide2","bootdisk":"","ci_wait":null,"cicustom":null,"cipassword":"","ciupgrade":false,"ciuser":"","clone":null,"clone_id":null,"clone_wait":10,"cores":0,"cpu":[{"affinity":"","cores":2,"flags":[],"limit":0,"numa":false,"sockets":1,"type":"host","units":0,"vcores":0}],"cpu_type":"","current_node":"pve2","default_ipv4_address":"","default_ipv6_address":"","define_connection_info":true,"desc":null,"description":"Talos control plane node 2110","disk":[],"disks":[{"ide":[{"ide0":[],"ide1":[],"ide2":[{"cdrom":[{"iso":"local:iso/metal-amd64.iso","passthrough":false}],"cloudinit":[],"disk":[],"ignore":false,"passthrough":[]}],"ide3":[]}],"sata":[],"scsi":[{"scsi0":[{"cdrom":[],"cloudinit":[],"disk":[{"asyncio":"","backup":true,"cache":"","discard":false,"emulatessd":false,"format":"raw","id":0,"iops_r_burst":0,"iops_r_burst_length":0,"iops_r_concurrent":0,"iops_wr_burst":0,"iops_wr_burst_length":0,"iops_wr_concurrent":0,"iothread":false,"linked_disk_id":-1,"mbps_r_burst":0,"mbps_r_concurrent":0,"mbps_wr_burst":0,"mbps_wr_concurrent":0,"readonly":false,"replicate":false,"serial":"","size":"20G","storage":"local-lvm","wwn":""}],"ignore":false,"passthrough":[]}],"scsi1":[],"scsi10":[],"scsi11":[],"scsi12":[],"scsi13":[],"scsi14":[],"scsi15":[],"scsi16":[],"scsi17":[],"scsi18":[],"scsi19":[],"scsi2":[],"scsi20":[],"scsi21":[],"scsi22":[],"scsi23":[],"scsi24":[],"scsi25":[],"scsi26":[],"scsi27":[],"scsi28":[],"scsi29":[],"scsi3":[],"scsi30":[],"scsi4":[],"scsi5":[],"scsi6":[],"scsi7":[],"scsi8":[],"scsi9":[]}],"virtio":[]}],"efidisk":[],"force_create":false,"force_recreate_on_change_of":null,"full_clone":true,"hagroup":"","hastate":"","hostpci":[],"hotplug":"network,disk,usb","id":"pve2/qemu/2110","ipconfig0":"ip=dhcp","ipconfig1":null,"ipconfig10":null,"ipconfig11":null,"ipconfig12":null,"ipconfig13":null,"ipconfig14":null,"ipconfig15":null,"ipconfig2":null,"ipconfig3":null,"ipconfig4":null,"ipconfig5":null,"ipconfig6":null,"ipconfig7":null,"ipconfig8":null,"ipconfig9":null,"kvm":true,"linked_vmid":0,"machine":"","memory":4096,"name":"talos-control-2","nameserver":null,"network":[{"bridge":"vmbr0","firewall":false,"id":0,"link_down":false,"macaddr":"BC:24:13:5F:39:D2","model":"virtio","mtu":0,"queues":0,"rate":0,"tag":70}],"numa":false,"onboot":true,"os_network_config":null,"os_type":null,"pci":[],"pcis":[],"pool":"","protection":false,"pxe":null,"qemu_os":"other","reboot_required":false,"rng":[],"scsihw":"virtio-scsi-single","searchdomain":null,"serial":[],"skip_ipv4":false,"skip_ipv6":true,"smbios":[{"family":"","manufacturer":"","product":"","serial":"","sku":"","uuid":"10f7fe40-ff85-4cb1-963a-c29c1343dcd8","version":""}],"sockets":0,"ssh_forward_ip":null,"ssh_host":"","ssh_port":"22","ssh_private_key":null,"ssh_user":null,"sshkeys":null,"start_at_node_boot":null,"startup":null,"startup_shutdown":[{"order":-1,"shutdown_timeout":-1,"startup_delay":-1}],"tablet":true,"tags":"kubernetes;control","target_node":"pve2","target_nodes":null,"timeouts":null,"tpm_state":[],"unused_disk":[],"usb":[],"usbs":[],"vcpus":0,"vga":[],"vm_state":"running","vmid":2110},"sensitive_attributes":[[{"type":"get_attr","value":"cipassword"}],[{"type":"get_attr","value":"ssh_private_key"}]],"private":"eyJlMmJmYjczMC1lY2FhLTExZTYtOGY4OC0zNDM2M2JjN2M0YzAiOnsiY3JlYXRlIjoxMjAwMDAwMDAwMDAwLCJkZWZhdWx0IjoxMjAwMDAwMDAwMDAwLCJkZWxldGUiOjEyMDAwMDAwMDAwMDAsInJlYWQiOjEyMDAwMDAwMDAwMDAsInVwZGF0ZSI6MTIwMDAwMDAwMDAwMH19"},{"index_key":"3110","schema_version":0,"attributes":{"additional_wait":5,"agent":1,"agent_timeout":90,"args":"","automatic_reboot":true,"automatic_reboot_severity":"error","balloon":0,"bios":"seabios","boot":"order=scsi0;ide2","bootdisk":"","ci_wait":null,"cicustom":null,"cipassword":"","ciupgrade":false,"ciuser":"","clone":null,"clone_id":null,"clone_wait":10,"cores":0,"cpu":[{"affinity":"","cores":2,"flags":[],"limit":0,"numa":false,"sockets":1,"type":"host","units":0,"vcores":0}],"cpu_type":"","current_node":"pve3","default_ipv4_address":"","default_ipv6_address":"","define_connection_info":true,"desc":null,"description":"Talos control plane node 3110","disk":[],"disks":[{"ide":[{"ide0":[],"ide1":[],"ide2":[{"cdrom":[{"iso":"local:iso/metal-amd64.iso","passthrough":false}],"cloudinit":[],"disk":[],"ignore":false,"passthrough":[]}],"ide3":[]}],"sata":[],"scsi":[{"scsi0":[{"cdrom":[],"cloudinit":[],"disk":[{"asyncio":"","backup":true,"cache":"","discard":false,"emulatessd":false,"format":"raw","id":0,"iops_r_burst":0,"iops_r_burst_length":0,"iops_r_concurrent":0,"iops_wr_burst":0,"iops_wr_burst_length":0,"iops_wr_concurrent":0,"iothread":false,"linked_disk_id":-1,"mbps_r_burst":0,"mbps_r_concurrent":0,"mbps_wr_burst":0,"mbps_wr_concurrent":0,"readonly":false,"replicate":false,"serial":"","size":"20G","storage":"local-lvm","wwn":""}],"ignore":false,"passthrough":[]}],"scsi1":[],"scsi10":[],"scsi11":[],"scsi12":[],"scsi13":[],"scsi14":[],"scsi15":[],"scsi16":[],"scsi17":[],"scsi18":[],"scsi19":[],"scsi2":[],"scsi20":[],"scsi21":[],"scsi22":[],"scsi23":[],"scsi24":[],"scsi25":[],"scsi26":[],"scsi27":[],"scsi28":[],"scsi29":[],"scsi3":[],"scsi30":[],"scsi4":[],"scsi5":[],"scsi6":[],"scsi7":[],"scsi8":[],"scsi9":[]}],"virtio":[]}],"efidisk":[],"force_create":false,"force_recreate_on_change_of":null,"full_clone":true,"hagroup":"","hastate":"","hostpci":[],"hotplug":"network,disk,usb","id":"pve3/qemu/3110","ipconfig0":"ip=dhcp","ipconfig1":null,"ipconfig10":null,"ipconfig11":null,"ipconfig12":null,"ipconfig13":null,"ipconfig14":null,"ipconfig15":null,"ipconfig2":null,"ipconfig3":null,"ipconfig4":null,"ipconfig5":null,"ipconfig6":null,"ipconfig7":null,"ipconfig8":null,"ipconfig9":null,"kvm":true,"linked_vmid":0,"machine":"","memory":4096,"name":"talos-control-3","nameserver":null,"network":[{"bridge":"vmbr0","firewall":false,"id":0,"link_down":false,"macaddr":"BC:24:13:5F:39:D3","model":"virtio","mtu":0,"queues":0,"rate":0,"tag":70}],"numa":false,"onboot":true,"os_network_config":null,"os_type":null,"pci":[],"pcis":[],"pool":"","protection":false,"pxe":null,"qemu_os":"other","reboot_required":false,"rng":[],"scsihw":"virtio-scsi-single","searchdomain":null,"serial":[],"skip_ipv4":false,"skip_ipv6":true,"smbios":[{"family":"","manufacturer":"","product":"","serial":"","sku":"","uuid":"ebf5bfc0-6f79-4749-8989-fe911594305d","version":""}],"sockets":0,"ssh_forward_ip":null,"ssh_host":"","ssh_port":"22","ssh_private_key":null,"ssh_user":null,"sshkeys":null,"start_at_node_boot":null,"startup":null,"startup_shutdown":[{"order":-1,"shutdown_timeout":-1,"startup_delay":-1}],"tablet":true,"tags":"kubernetes;control","target_node":"pve3","target_nodes":null,"timeouts":null,"tpm_state":[],"unused_disk":[],"usb":[],"usbs":[],"vcpus":0,"vga":[],"vm_state":"running","vmid":3110},"sensitive_attributes":[[{"type":"get_attr","value":"cipassword"}],[{"type":"get_attr","value":"ssh_private_key"}]],"private":"eyJlMmJmYjczMC1lY2FhLTExZTYtOGY4OC0zNDM2M2JjN2M0YzAiOnsiY3JlYXRlIjoxMjAwMDAwMDAwMDAwLCJkZWZhdWx0IjoxMjAwMDAwMDAwMDAwLCJkZWxldGUiOjEyMDAwMDAwMDAwMDAsInJlYWQiOjEyMDAwMDAwMDAwMDAsInVwZGF0ZSI6MTIwMDAwMDAwMDAwMH19"}]}],"check_results":null}
